// !$*UTF8*$!
{
	archiveVersion = 1;
	classes = {
	};
	objectVersion = 50;
	objects = {

/* Begin PBXBuildFile section */
		2C0F5D4725928359007FAD77 /* SleepCalculator.mlmodel in Sources */ = {isa = PBXBuildFile; fileRef = 2C0F5D4625928359007FAD77 /* SleepCalculator.mlmodel */; };
		2C0F5D4825928359007FAD77 /* SleepCalculator.mlmodel in Sources */ = {isa = PBXBuildFile; fileRef = 2C0F5D4625928359007FAD77 /* SleepCalculator.mlmodel */; };
		2CEAD60F259165C9004E5987 /* Tests_iOS.swift in Sources */ = {isa = PBXBuildFile; fileRef = 2CEAD60E259165C9004E5987 /* Tests_iOS.swift */; };
		2CEAD61A259165C9004E5987 /* Tests_macOS.swift in Sources */ = {isa = PBXBuildFile; fileRef = 2CEAD619259165C9004E5987 /* Tests_macOS.swift */; };
		2CEAD61C259165C9004E5987 /* BetterRestApp.swift in Sources */ = {isa = PBXBuildFile; fileRef = 2CEAD5F3259165C5004E5987 /* BetterRestApp.swift */; };
		2CEAD61D259165C9004E5987 /* BetterRestApp.swift in Sources */ = {isa = PBXBuildFile; fileRef = 2CEAD5F3259165C5004E5987 /* BetterRestApp.swift */; };
		2CEAD61E259165C9004E5987 /* ContentView.swift in Sources */ = {isa = PBXBuildFile; fileRef = 2CEAD5F4259165C5004E5987 /* ContentView.swift */; };
		2CEAD61F259165C9004E5987 /* ContentView.swift in Sources */ = {isa = PBXBuildFile; fileRef = 2CEAD5F4259165C5004E5987 /* ContentView.swift */; };
		2CEAD620259165C9004E5987 /* Assets.xcassets in Resources */ = {isa = PBXBuildFile; fileRef = 2CEAD5F5259165C9004E5987 /* Assets.xcassets */; };
		2CEAD621259165C9004E5987 /* Assets.xcassets in Resources */ = {isa = PBXBuildFile; fileRef = 2CEAD5F5259165C9004E5987 /* Assets.xcassets */; };
/* End PBXBuildFile section */

/* Begin PBXContainerItemProxy section */
		2CEAD60B259165C9004E5987 /* PBXContainerItemProxy */ = {
			isa = PBXContainerItemProxy;
			containerPortal = 2CEAD5EE259165C5004E5987 /* Project object */;
			proxyType = 1;
			remoteGlobalIDString = 2CEAD5F9259165C9004E5987;
			remoteInfo = "BetterRest (iOS)";
		};
		2CEAD616259165C9004E5987 /* PBXContainerItemProxy */ = {
			isa = PBXContainerItemProxy;
			containerPortal = 2CEAD5EE259165C5004E5987 /* Project object */;
			proxyType = 1;
			remoteGlobalIDString = 2CEAD601259165C9004E5987;
			remoteInfo = "BetterRest (macOS)";
		};
/* End PBXContainerItemProxy section */

/* Begin PBXFileReference section */
		2C0F5D4625928359007FAD77 /* SleepCalculator.mlmodel */ = {isa = PBXFileReference; lastKnownFileType = file.mlmodel; path = SleepCalculator.mlmodel; sourceTree = "<group>"; };
		2CEAD5F3259165C5004E5987 /* BetterRestApp.swift */ = {isa = PBXFileReference; lastKnownFileType = sourcecode.swift; path = BetterRestApp.swift; sourceTree = "<group>"; };
		2CEAD5F4259165C5004E5987 /* ContentView.swift */ = {isa = PBXFileReference; lastKnownFileType = sourcecode.swift; path = ContentView.swift; sourceTree = "<group>"; };
		2CEAD5F5259165C9004E5987 /* Assets.xcassets */ = {isa = PBXFileReference; lastKnownFileType = folder.assetcatalog; path = Assets.xcassets; sourceTree = "<group>"; };
		2CEAD5FA259165C9004E5987 /* BetterRest.app */ = {isa = PBXFileReference; explicitFileType = wrapper.application; includeInIndex = 0; path = BetterRest.app; sourceTree = BUILT_PRODUCTS_DIR; };
		2CEAD5FD259165C9004E5987 /* Info.plist */ = {isa = PBXFileReference; lastKnownFileType = text.plist.xml; path = Info.plist; sourceTree = "<group>"; };
		2CEAD602259165C9004E5987 /* BetterRest.app */ = {isa = PBXFileReference; explicitFileType = wrapper.application; includeInIndex = 0; path = BetterRest.app; sourceTree = BUILT_PRODUCTS_DIR; };
		2CEAD604259165C9004E5987 /* Info.plist */ = {isa = PBXFileReference; lastKnownFileType = text.plist.xml; path = Info.plist; sourceTree = "<group>"; };
		2CEAD605259165C9004E5987 /* macOS.entitlements */ = {isa = PBXFileReference; lastKnownFileType = text.plist.entitlements; path = macOS.entitlements; sourceTree = "<group>"; };
		2CEAD60A259165C9004E5987 /* Tests iOS.xctest */ = {isa = PBXFileReference; explicitFileType = wrapper.cfbundle; includeInIndex = 0; path = "Tests iOS.xctest"; sourceTree = BUILT_PRODUCTS_DIR; };
		2CEAD60E259165C9004E5987 /* Tests_iOS.swift */ = {isa = PBXFileReference; lastKnownFileType = sourcecode.swift; path = Tests_iOS.swift; sourceTree = "<group>"; };
		2CEAD610259165C9004E5987 /* Info.plist */ = {isa = PBXFileReference; lastKnownFileType = text.plist.xml; path = Info.plist; sourceTree = "<group>"; };
		2CEAD615259165C9004E5987 /* Tests macOS.xctest */ = {isa = PBXFileReference; explicitFileType = wrapper.cfbundle; includeInIndex = 0; path = "Tests macOS.xctest"; sourceTree = BUILT_PRODUCTS_DIR; };
		2CEAD619259165C9004E5987 /* Tests_macOS.swift */ = {isa = PBXFileReference; lastKnownFileType = sourcecode.swift; path = Tests_macOS.swift; sourceTree = "<group>"; };
		2CEAD61B259165C9004E5987 /* Info.plist */ = {isa = PBXFileReference; lastKnownFileType = text.plist.xml; path = Info.plist; sourceTree = "<group>"; };
/* End PBXFileReference section */

/* Begin PBXFrameworksBuildPhase section */
		2CEAD5F7259165C9004E5987 /* Frameworks */ = {
			isa = PBXFrameworksBuildPhase;
			buildActionMask = 2147483647;
			files = (
			);
			runOnlyForDeploymentPostprocessing = 0;
		};
		2CEAD5FF259165C9004E5987 /* Frameworks */ = {
			isa = PBXFrameworksBuildPhase;
			buildActionMask = 2147483647;
			files = (
			);
			runOnlyForDeploymentPostprocessing = 0;
		};
		2CEAD607259165C9004E5987 /* Frameworks */ = {
			isa = PBXFrameworksBuildPhase;
			buildActionMask = 2147483647;
			files = (
			);
			runOnlyForDeploymentPostprocessing = 0;
		};
		2CEAD612259165C9004E5987 /* Frameworks */ = {
			isa = PBXFrameworksBuildPhase;
			buildActionMask = 2147483647;
			files = (
			);
			runOnlyForDeploymentPostprocessing = 0;
		};
/* End PBXFrameworksBuildPhase section */

/* Begin PBXGroup section */
		2CEAD5ED259165C5004E5987 = {
			isa = PBXGroup;
			children = (
				2CEAD5F2259165C5004E5987 /* Shared */,
				2CEAD5FC259165C9004E5987 /* iOS */,
				2CEAD603259165C9004E5987 /* macOS */,
				2CEAD60D259165C9004E5987 /* Tests iOS */,
				2CEAD618259165C9004E5987 /* Tests macOS */,
				2CEAD5FB259165C9004E5987 /* Products */,
			);
			sourceTree = "<group>";
		};
		2CEAD5F2259165C5004E5987 /* Shared */ = {
			isa = PBXGroup;
			children = (
				2CEAD5F3259165C5004E5987 /* BetterRestApp.swift */,
				2CEAD5F4259165C5004E5987 /* ContentView.swift */,
				2CEAD5F5259165C9004E5987 /* Assets.xcassets */,
				2C0F5D4625928359007FAD77 /* SleepCalculator.mlmodel */,
			);
			path = Shared;
			sourceTree = "<group>";
		};
		2CEAD5FB259165C9004E5987 /* Products */ = {
			isa = PBXGroup;
			children = (
				2CEAD5FA259165C9004E5987 /* BetterRest.app */,
				2CEAD602259165C9004E5987 /* BetterRest.app */,
				2CEAD60A259165C9004E5987 /* Tests iOS.xctest */,
				2CEAD615259165C9004E5987 /* Tests macOS.xctest */,
			);
			name = Products;
			sourceTree = "<group>";
		};
		2CEAD5FC259165C9004E5987 /* iOS */ = {
			isa = PBXGroup;
			children = (
				2CEAD5FD259165C9004E5987 /* Info.plist */,
			);
			path = iOS;
			sourceTree = "<group>";
		};
		2CEAD603259165C9004E5987 /* macOS */ = {
			isa = PBXGroup;
			children = (
				2CEAD604259165C9004E5987 /* Info.plist */,
				2CEAD605259165C9004E5987 /* macOS.entitlements */,
			);
			path = macOS;
			sourceTree = "<group>";
		};
		2CEAD60D259165C9004E5987 /* Tests iOS */ = {
			isa = PBXGroup;
			children = (
				2CEAD60E259165C9004E5987 /* Tests_iOS.swift */,
				2CEAD610259165C9004E5987 /* Info.plist */,
			);
			path = "Tests iOS";
			sourceTree = "<group>";
		};
		2CEAD618259165C9004E5987 /* Tests macOS */ = {
			isa = PBXGroup;
			children = (
				2CEAD619259165C9004E5987 /* Tests_macOS.swift */,
				2CEAD61B259165C9004E5987 /* Info.plist */,
			);
			path = "Tests macOS";
			sourceTree = "<group>";
		};
/* End PBXGroup section */

/* Begin PBXNativeTarget section */
		2CEAD5F9259165C9004E5987 /* BetterRest (iOS) */ = {
			isa = PBXNativeTarget;
			buildConfigurationList = 2CEAD624259165C9004E5987 /* Build configuration list for PBXNativeTarget "BetterRest (iOS)" */;
			buildPhases = (
				2CEAD5F6259165C9004E5987 /* Sources */,
				2CEAD5F7259165C9004E5987 /* Frameworks */,
				2CEAD5F8259165C9004E5987 /* Resources */,
			);
			buildRules = (
			);
			dependencies = (
			);
			name = "BetterRest (iOS)";
			productName = "BetterRest (iOS)";
			productReference = 2CEAD5FA259165C9004E5987 /* BetterRest.app */;
			productType = "com.apple.product-type.application";
		};
		2CEAD601259165C9004E5987 /* BetterRest (macOS) */ = {
			isa = PBXNativeTarget;
			buildConfigurationList = 2CEAD627259165C9004E5987 /* Build configuration list for PBXNativeTarget "BetterRest (macOS)" */;
			buildPhases = (
				2CEAD5FE259165C9004E5987 /* Sources */,
				2CEAD5FF259165C9004E5987 /* Frameworks */,
				2CEAD600259165C9004E5987 /* Resources */,
			);
			buildRules = (
			);
			dependencies = (
			);
			name = "BetterRest (macOS)";
			productName = "BetterRest (macOS)";
			productReference = 2CEAD602259165C9004E5987 /* BetterRest.app */;
			productType = "com.apple.product-type.application";
		};
		2CEAD609259165C9004E5987 /* Tests iOS */ = {
			isa = PBXNativeTarget;
			buildConfigurationList = 2CEAD62A259165C9004E5987 /* Build configuration list for PBXNativeTarget "Tests iOS" */;
			buildPhases = (
				2CEAD606259165C9004E5987 /* Sources */,
				2CEAD607259165C9004E5987 /* Frameworks */,
				2CEAD608259165C9004E5987 /* Resources */,
			);
			buildRules = (
			);
			dependencies = (
				2CEAD60C259165C9004E5987 /* PBXTargetDependency */,
			);
			name = "Tests iOS";
			productName = "Tests iOS";
			productReference = 2CEAD60A259165C9004E5987 /* Tests iOS.xctest */;
			productType = "com.apple.product-type.bundle.ui-testing";
		};
		2CEAD614259165C9004E5987 /* Tests macOS */ = {
			isa = PBXNativeTarget;
			buildConfigurationList = 2CEAD62D259165C9004E5987 /* Build configuration list for PBXNativeTarget "Tests macOS" */;
			buildPhases = (
				2CEAD611259165C9004E5987 /* Sources */,
				2CEAD612259165C9004E5987 /* Frameworks */,
				2CEAD613259165C9004E5987 /* Resources */,
			);
			buildRules = (
			);
			dependencies = (
				2CEAD617259165C9004E5987 /* PBXTargetDependency */,
			);
			name = "Tests macOS";
			productName = "Tests macOS";
			productReference = 2CEAD615259165C9004E5987 /* Tests macOS.xctest */;
			productType = "com.apple.product-type.bundle.ui-testing";
		};
/* End PBXNativeTarget section */

/* Begin PBXProject section */
		2CEAD5EE259165C5004E5987 /* Project object */ = {
			isa = PBXProject;
			attributes = {
				LastSwiftUpdateCheck = 1230;
				LastUpgradeCheck = 1230;
				TargetAttributes = {
					2CEAD5F9259165C9004E5987 = {
						CreatedOnToolsVersion = 12.3;
					};
					2CEAD601259165C9004E5987 = {
						CreatedOnToolsVersion = 12.3;
					};
					2CEAD609259165C9004E5987 = {
						CreatedOnToolsVersion = 12.3;
						TestTargetID = 2CEAD5F9259165C9004E5987;
					};
					2CEAD614259165C9004E5987 = {
						CreatedOnToolsVersion = 12.3;
						TestTargetID = 2CEAD601259165C9004E5987;
					};
				};
			};
			buildConfigurationList = 2CEAD5F1259165C5004E5987 /* Build configuration list for PBXProject "BetterRest" */;
			compatibilityVersion = "Xcode 9.3";
			developmentRegion = en;
			hasScannedForEncodings = 0;
			knownRegions = (
				en,
				Base,
			);
			mainGroup = 2CEAD5ED259165C5004E5987;
			productRefGroup = 2CEAD5FB259165C9004E5987 /* Products */;
			projectDirPath = "";
			projectRoot = "";
			targets = (
				2CEAD5F9259165C9004E5987 /* BetterRest (iOS) */,
				2CEAD601259165C9004E5987 /* BetterRest (macOS) */,
				2CEAD609259165C9004E5987 /* Tests iOS */,
				2CEAD614259165C9004E5987 /* Tests macOS */,
			);
		};
/* End PBXProject section */

/* Begin PBXResourcesBuildPhase section */
		2CEAD5F8259165C9004E5987 /* Resources */ = {
			isa = PBXResourcesBuildPhase;
			buildActionMask = 2147483647;
			files = (
				2CEAD620259165C9004E5987 /* Assets.xcassets in Resources */,
			);
			runOnlyForDeploymentPostprocessing = 0;
		};
		2CEAD600259165C9004E5987 /* Resources */ = {
			isa = PBXResourcesBuildPhase;
			buildActionMask = 2147483647;
			files = (
				2CEAD621259165C9004E5987 /* Assets.xcassets in Resources */,
			);
			runOnlyForDeploymentPostprocessing = 0;
		};
		2CEAD608259165C9004E5987 /* Resources */ = {
			isa = PBXResourcesBuildPhase;
			buildActionMask = 2147483647;
			files = (
			);
			runOnlyForDeploymentPostprocessing = 0;
		};
		2CEAD613259165C9004E5987 /* Resources */ = {
			isa = PBXResourcesBuildPhase;
			buildActionMask = 2147483647;
			files = (
			);
			runOnlyForDeploymentPostprocessing = 0;
		};
/* End PBXResourcesBuildPhase section */

/* Begin PBXSourcesBuildPhase section */
		2CEAD5F6259165C9004E5987 /* Sources */ = {
			isa = PBXSourcesBuildPhase;
			buildActionMask = 2147483647;
			files = (
				2CEAD61E259165C9004E5987 /* ContentView.swift in Sources */,
				2C0F5D4725928359007FAD77 /* SleepCalculator.mlmodel in Sources */,
				2CEAD61C259165C9004E5987 /* BetterRestApp.swift in Sources */,
			);
			runOnlyForDeploymentPostprocessing = 0;
		};
		2CEAD5FE259165C9004E5987 /* Sources */ = {
			isa = PBXSourcesBuildPhase;
			buildActionMask = 2147483647;
			files = (
				2CEAD61F259165C9004E5987 /* ContentView.swift in Sources */,
				2C0F5D4825928359007FAD77 /* SleepCalculator.mlmodel in Sources */,
				2CEAD61D259165C9004E5987 /* BetterRestApp.swift in Sources */,
			);
			runOnlyForDeploymentPostprocessing = 0;
		};
		2CEAD606259165C9004E5987 /* Sources */ = {
			isa = PBXSourcesBuildPhase;
			buildActionMask = 2147483647;
			files = (
				2CEAD60F259165C9004E5987 /* Tests_iOS.swift in Sources */,
			);
			runOnlyForDeploymentPostprocessing = 0;
		};
		2CEAD611259165C9004E5987 /* Sources */ = {
			isa = PBXSourcesBuildPhase;
			buildActionMask = 2147483647;
			files = (
				2CEAD61A259165C9004E5987 /* Tests_macOS.swift in Sources */,
			);
			runOnlyForDeploymentPostprocessing = 0;
		};
/* End PBXSourcesBuildPhase section */

/* Begin PBXTargetDependency section */
		2CEAD60C259165C9004E5987 /* PBXTargetDependency */ = {
			isa = PBXTargetDependency;
			target = 2CEAD5F9259165C9004E5987 /* BetterRest (iOS) */;
			targetProxy = 2CEAD60B259165C9004E5987 /* PBXContainerItemProxy */;
		};
		2CEAD617259165C9004E5987 /* PBXTargetDependency */ = {
			isa = PBXTargetDependency;
			target = 2CEAD601259165C9004E5987 /* BetterRest (macOS) */;
			targetProxy = 2CEAD616259165C9004E5987 /* PBXContainerItemProxy */;
		};
/* End PBXTargetDependency section */

/* Begin XCBuildConfiguration section */
		2CEAD622259165C9004E5987 /* Debug */ = {
			isa = XCBuildConfiguration;
			buildSettings = {
				ALWAYS_SEARCH_USER_PATHS = NO;
				CLANG_ANALYZER_NONNULL = YES;
				CLANG_ANALYZER_NUMBER_OBJECT_CONVERSION = YES_AGGRESSIVE;
				CLANG_CXX_LANGUAGE_STANDARD = "gnu++14";
				CLANG_CXX_LIBRARY = "libc++";
				CLANG_ENABLE_MODULES = YES;
				CLANG_ENABLE_OBJC_ARC = YES;
				CLANG_ENABLE_OBJC_WEAK = YES;
				CLANG_WARN_BLOCK_CAPTURE_AUTORELEASING = YES;
				CLANG_WARN_BOOL_CONVERSION = YES;
				CLANG_WARN_COMMA = YES;
				CLANG_WARN_CONSTANT_CONVERSION = YES;
				CLANG_WARN_DEPRECATED_OBJC_IMPLEMENTATIONS = YES;
				CLANG_WARN_DIRECT_OBJC_ISA_USAGE = YES_ERROR;
				CLANG_WARN_DOCUMENTATION_COMMENTS = YES;
				CLANG_WARN_EMPTY_BODY = YES;
				CLANG_WARN_ENUM_CONVERSION = YES;
				CLANG_WARN_INFINITE_RECURSION = YES;
				CLANG_WARN_INT_CONVERSION = YES;
				CLANG_WARN_NON_LITERAL_NULL_CONVERSION = YES;
				CLANG_WARN_OBJC_IMPLICIT_RETAIN_SELF = YES;
				CLANG_WARN_OBJC_LITERAL_CONVERSION = YES;
				CLANG_WARN_OBJC_ROOT_CLASS = YES_ERROR;
				CLANG_WARN_QUOTED_INCLUDE_IN_FRAMEWORK_HEADER = YES;
				CLANG_WARN_RANGE_LOOP_ANALYSIS = YES;
				CLANG_WARN_STRICT_PROTOTYPES = YES;
				CLANG_WARN_SUSPICIOUS_MOVE = YES;
				CLANG_WARN_UNGUARDED_AVAILABILITY = YES_AGGRESSIVE;
				CLANG_WARN_UNREACHABLE_CODE = YES;
				CLANG_WARN__DUPLICATE_METHOD_MATCH = YES;
				COPY_PHASE_STRIP = NO;
				DEBUG_INFORMATION_FORMAT = dwarf;
				ENABLE_STRICT_OBJC_MSGSEND = YES;
				ENABLE_TESTABILITY = YES;
				GCC_C_LANGUAGE_STANDARD = gnu11;
				GCC_DYNAMIC_NO_PIC = NO;
				GCC_NO_COMMON_BLOCKS = YES;
				GCC_OPTIMIZATION_LEVEL = 0;
				GCC_PREPROCESSOR_DEFINITIONS = (
					"DEBUG=1",
					"$(inherited)",
				);
				GCC_WARN_64_TO_32_BIT_CONVERSION = YES;
				GCC_WARN_ABOUT_RETURN_TYPE = YES_ERROR;
				GCC_WARN_UNDECLARED_SELECTOR = YES;
				GCC_WARN_UNINITIALIZED_AUTOS = YES_AGGRESSIVE;
				GCC_WARN_UNUSED_FUNCTION = YES;
				GCC_WARN_UNUSED_VARIABLE = YES;
				MTL_ENABLE_DEBUG_INFO = INCLUDE_SOURCE;
				MTL_FAST_MATH = YES;
				ONLY_ACTIVE_ARCH = YES;
				SWIFT_ACTIVE_COMPILATION_CONDITIONS = DEBUG;
				SWIFT_OPTIMIZATION_LEVEL = "-Onone";
			};
			name = Debug;
		};
		2CEAD623259165C9004E5987 /* Release */ = {
			isa = XCBuildConfiguration;
			buildSettings = {
				ALWAYS_SEARCH_USER_PATHS = NO;
				CLANG_ANALYZER_NONNULL = YES;
				CLANG_ANALYZER_NUMBER_OBJECT_CONVERSION = YES_AGGRESSIVE;
				CLANG_CXX_LANGUAGE_STANDARD = "gnu++14";
				CLANG_CXX_LIBRARY = "libc++";
				CLANG_ENABLE_MODULES = YES;
				CLANG_ENABLE_OBJC_ARC = YES;
				CLANG_ENABLE_OBJC_WEAK = YES;
				CLANG_WARN_BLOCK_CAPTURE_AUTORELEASING = YES;
				CLANG_WARN_BOOL_CONVERSION = YES;
				CLANG_WARN_COMMA = YES;
				CLANG_WARN_CONSTANT_CONVERSION = YES;
				CLANG_WARN_DEPRECATED_OBJC_IMPLEMENTATIONS = YES;
				CLANG_WARN_DIRECT_OBJC_ISA_USAGE = YES_ERROR;
				CLANG_WARN_DOCUMENTATION_COMMENTS = YES;
				CLANG_WARN_EMPTY_BODY = YES;
				CLANG_WARN_ENUM_CONVERSION = YES;
				CLANG_WARN_INFINITE_RECURSION = YES;
				CLANG_WARN_INT_CONVERSION = YES;
				CLANG_WARN_NON_LITERAL_NULL_CONVERSION = YES;
				CLANG_WARN_OBJC_IMPLICIT_RETAIN_SELF = YES;
				CLANG_WARN_OBJC_LITERAL_CONVERSION = YES;
				CLANG_WARN_OBJC_ROOT_CLASS = YES_ERROR;
				CLANG_WARN_QUOTED_INCLUDE_IN_FRAMEWORK_HEADER = YES;
				CLANG_WARN_RANGE_LOOP_ANALYSIS = YES;
				CLANG_WARN_STRICT_PROTOTYPES = YES;
				CLANG_WARN_SUSPICIOUS_MOVE = YES;
				CLANG_WARN_UNGUARDED_AVAILABILITY = YES_AGGRESSIVE;
				CLANG_WARN_UNREACHABLE_CODE = YES;
				CLANG_WARN__DUPLICATE_METHOD_MATCH = YES;
				COPY_PHASE_STRIP = NO;
				DEBUG_INFORMATION_FORMAT = "dwarf-with-dsym";
				ENABLE_NS_ASSERTIONS = NO;
				ENABLE_STRICT_OBJC_MSGSEND = YES;
				GCC_C_LANGUAGE_STANDARD = gnu11;
				GCC_NO_COMMON_BLOCKS = YES;
				GCC_WARN_64_TO_32_BIT_CONVERSION = YES;
				GCC_WARN_ABOUT_RETURN_TYPE = YES_ERROR;
				GCC_WARN_UNDECLARED_SELECTOR = YES;
				GCC_WARN_UNINITIALIZED_AUTOS = YES_AGGRESSIVE;
				GCC_WARN_UNUSED_FUNCTION = YES;
				GCC_WARN_UNUSED_VARIABLE = YES;
				MTL_ENABLE_DEBUG_INFO = NO;
				MTL_FAST_MATH = YES;
				SWIFT_COMPILATION_MODE = wholemodule;
				SWIFT_OPTIMIZATION_LEVEL = "-O";
			};
			name = Release;
		};
		2CEAD625259165C9004E5987 /* Debug */ = {
			isa = XCBuildConfiguration;
			buildSettings = {
				ASSETCATALOG_COMPILER_APPICON_NAME = AppIcon;
				ASSETCATALOG_COMPILER_GLOBAL_ACCENT_COLOR_NAME = AccentColor;
				CODE_SIGN_STYLE = Automatic;
				DEVELOPMENT_TEAM = VA8GM4F7TR;
				ENABLE_PREVIEWS = YES;
				INFOPLIST_FILE = iOS/Info.plist;
				IPHONEOS_DEPLOYMENT_TARGET = 14.0;
				LD_RUNPATH_SEARCH_PATHS = (
					"$(inherited)",
					"@executable_path/Frameworks",
				);
				PRODUCT_BUNDLE_IDENTIFIER = ZestyBean.BetterRest;
				PRODUCT_NAME = BetterRest;
				SDKROOT = iphoneos;
				SWIFT_VERSION = 5.0;
				TARGETED_DEVICE_FAMILY = "1,2";
			};
			name = Debug;
		};
		2CEAD626259165C9004E5987 /* Release */ = {
			isa = XCBuildConfiguration;
			buildSettings = {
				ASSETCATALOG_COMPILER_APPICON_NAME = AppIcon;
				ASSETCATALOG_COMPILER_GLOBAL_ACCENT_COLOR_NAME = AccentColor;
				CODE_SIGN_STYLE = Automatic;
				DEVELOPMENT_TEAM = VA8GM4F7TR;
				ENABLE_PREVIEWS = YES;
				INFOPLIST_FILE = iOS/Info.plist;
				IPHONEOS_DEPLOYMENT_TARGET = 14.0;
				LD_RUNPATH_SEARCH_PATHS = (
					"$(inherited)",
					"@executable_path/Frameworks",
				);
				PRODUCT_BUNDLE_IDENTIFIER = ZestyBean.BetterRest;
				PRODUCT_NAME = BetterRest;
				SDKROOT = iphoneos;
				SWIFT_VERSION = 5.0;
				TARGETED_DEVICE_FAMILY = "1,2";
				VALIDATE_PRODUCT = YES;
			};
			name = Release;
		};
		2CEAD628259165C9004E5987 /* Debug */ = {
			isa = XCBuildConfiguration;
			buildSettings = {
				ASSETCATALOG_COMPILER_APPICON_NAME = AppIcon;
				ASSETCATALOG_COMPILER_GLOBAL_ACCENT_COLOR_NAME = AccentColor;
				CODE_SIGN_ENTITLEMENTS = macOS/macOS.entitlements;
				CODE_SIGN_STYLE = Automatic;
				COMBINE_HIDPI_IMAGES = YES;
				DEVELOPMENT_TEAM = VA8GM4F7TR;
				ENABLE_HARDENED_RUNTIME = YES;
				ENABLE_PREVIEWS = YES;
				INFOPLIST_FILE = macOS/Info.plist;
				LD_RUNPATH_SEARCH_PATHS = (
					"$(inherited)",
					"@executable_path/../Frameworks",
				);
				MACOSX_DEPLOYMENT_TARGET = 11.0;
				PRODUCT_BUNDLE_IDENTIFIER = ZestyBean.BetterRest;
				PRODUCT_NAME = BetterRest;
				SDKROOT = macosx;
				SWIFT_VERSION = 5.0;
			};
			name = Debug;
		};
		2CEAD629259165C9004E5987 /* Release */ = {
			isa = XCBuildConfiguration;
			buildSettings = {
				ASSETCATALOG_COMPILER_APPICON_NAME = AppIcon;
				ASSETCATALOG_COMPILER_GLOBAL_ACCENT_COLOR_NAME = AccentColor;
				CODE_SIGN_ENTITLEMENTS = macOS/macOS.entitlements;
				CODE_SIGN_STYLE = Automatic;
				COMBINE_HIDPI_IMAGES = YES;
				DEVELOPMENT_TEAM = VA8GM4F7TR;
				ENABLE_HARDENED_RUNTIME = YES;
				ENABLE_PREVIEWS = YES;
				INFOPLIST_FILE = macOS/Info.plist;
				LD_RUNPATH_SEARCH_PATHS = (
					"$(inherited)",
					"@executable_path/../Frameworks",
				);
				MACOSX_DEPLOYMENT_TARGET = 11.0;
				PRODUCT_BUNDLE_IDENTIFIER = ZestyBean.BetterRest;
				PRODUCT_NAME = BetterRest;
				SDKROOT = macosx;
				SWIFT_VERSION = 5.0;
			};
			name = Release;
		};
		2CEAD62B259165C9004E5987 /* Debug */ = {
			isa = XCBuildConfiguration;
			buildSettings = {
				ALWAYS_EMBED_SWIFT_STANDARD_LIBRARIES = YES;
				CODE_SIGN_STYLE = Automatic;
				DEVELOPMENT_TEAM = VA8GM4F7TR;
				INFOPLIST_FILE = "Tests iOS/Info.plist";
				IPHONEOS_DEPLOYMENT_TARGET = 14.3;
				LD_RUNPATH_SEARCH_PATHS = (
					"$(inherited)",
					"@executable_path/Frameworks",
					"@loader_path/Frameworks",
				);
				PRODUCT_BUNDLE_IDENTIFIER = "ZestyBean.Tests-iOS";
				PRODUCT_NAME = "$(TARGET_NAME)";
				SDKROOT = iphoneos;
				SWIFT_VERSION = 5.0;
				TARGETED_DEVICE_FAMILY = "1,2";
				TEST_TARGET_NAME = "BetterRest (iOS)";
			};
			name = Debug;
		};
		2CEAD62C259165C9004E5987 /* Release */ = {
			isa = XCBuildConfiguration;
			buildSettings = {
				ALWAYS_EMBED_SWIFT_STANDARD_LIBRARIES = YES;
				CODE_SIGN_STYLE = Automatic;
				DEVELOPMENT_TEAM = VA8GM4F7TR;
				INFOPLIST_FILE = "Tests iOS/Info.plist";
				IPHONEOS_DEPLOYMENT_TARGET = 14.3;
				LD_RUNPATH_SEARCH_PATHS = (
					"$(inherited)",
					"@executable_path/Frameworks",
					"@loader_path/Frameworks",
				);
				PRODUCT_BUNDLE_IDENTIFIER = "ZestyBean.Tests-iOS";
				PRODUCT_NAME = "$(TARGET_NAME)";
				SDKROOT = iphoneos;
				SWIFT_VERSION = 5.0;
				TARGETED_DEVICE_FAMILY = "1,2";
				TEST_TARGET_NAME = "BetterRest (iOS)";
				VALIDATE_PRODUCT = YES;
			};
			name = Release;
		};
		2CEAD62E259165C9004E5987 /* Debug */ = {
			isa = XCBuildConfiguration;
			buildSettings = {
				ALWAYS_EMBED_SWIFT_STANDARD_LIBRARIES = YES;
				CODE_SIGN_STYLE = Automatic;
				COMBINE_HIDPI_IMAGES = YES;
				DEVELOPMENT_TEAM = VA8GM4F7TR;
				INFOPLIST_FILE = "Tests macOS/Info.plist";
				LD_RUNPATH_SEARCH_PATHS = (
					"$(inherited)",
					"@executable_path/../Frameworks",
					"@loader_path/../Frameworks",
				);
				MACOSX_DEPLOYMENT_TARGET = 11.0;
				PRODUCT_BUNDLE_IDENTIFIER = "ZestyBean.Tests-macOS";
				PRODUCT_NAME = "$(TARGET_NAME)";
				SDKROOT = macosx;
				SWIFT_VERSION = 5.0;
				TEST_TARGET_NAME = "BetterRest (macOS)";
			};
			name = Debug;
		};
		2CEAD62F259165C9004E5987 /* Release */ = {
			isa = XCBuildConfiguration;
			buildSettings = {
				ALWAYS_EMBED_SWIFT_STANDARD_LIBRARIES = YES;
				CODE_SIGN_STYLE = Automatic;
				COMBINE_HIDPI_IMAGES = YES;
				DEVELOPMENT_TEAM = VA8GM4F7TR;
				INFOPLIST_FILE = "Tests macOS/Info.plist";
				LD_RUNPATH_SEARCH_PATHS = (
					"$(inherited)",
					"@executable_path/../Frameworks",
					"@loader_path/../Frameworks",
				);
				MACOSX_DEPLOYMENT_TARGET = 11.0;
				PRODUCT_BUNDLE_IDENTIFIER = "ZestyBean.Tests-macOS";
				PRODUCT_NAME = "$(TARGET_NAME)";
				SDKROOT = macosx;
				SWIFT_VERSION = 5.0;
				TEST_TARGET_NAME = "BetterRest (macOS)";
			};
			name = Release;
		};
/* End XCBuildConfiguration section */

/* Begin XCConfigurationList section */
		2CEAD5F1259165C5004E5987 /* Build configuration list for PBXProject "BetterRest" */ = {
			isa = XCConfigurationList;
			buildConfigurations = (
				2CEAD622259165C9004E5987 /* Debug */,
				2CEAD623259165C9004E5987 /* Release */,
			);
			defaultConfigurationIsVisible = 0;
			defaultConfigurationName = Release;
		};
		2CEAD624259165C9004E5987 /* Build configuration list for PBXNativeTarget "BetterRest (iOS)" */ = {
			isa = XCConfigurationList;
			buildConfigurations = (
				2CEAD625259165C9004E5987 /* Debug */,
				2CEAD626259165C9004E5987 /* Release */,
			);
			defaultConfigurationIsVisible = 0;
			defaultConfigurationName = Release;
		};
		2CEAD627259165C9004E5987 /* Build configuration list for PBXNativeTarget "BetterRest (macOS)" */ = {
			isa = XCConfigurationList;
			buildConfigurations = (
				2CEAD628259165C9004E5987 /* Debug */,
				2CEAD629259165C9004E5987 /* Release */,
			);
			defaultConfigurationIsVisible = 0;
			defaultConfigurationName = Release;
		};
		2CEAD62A259165C9004E5987 /* Build configuration list for PBXNativeTarget "Tests iOS" */ = {
			isa = XCConfigurationList;
			buildConfigurations = (
				2CEAD62B259165C9004E5987 /* Debug */,
				2CEAD62C259165C9004E5987 /* Release */,
			);
			defaultConfigurationIsVisible = 0;
			defaultConfigurationName = Release;
		};
		2CEAD62D259165C9004E5987 /* Build configuration list for PBXNativeTarget "Tests macOS" */ = {
			isa = XCConfigurationList;
			buildConfigurations = (
				2CEAD62E259165C9004E5987 /* Debug */,
				2CEAD62F259165C9004E5987 /* Release */,
			);
			defaultConfigurationIsVisible = 0;
			defaultConfigurationName = Release;
		};
/* End XCConfigurationList section */
	};
	rootObject = 2CEAD5EE259165C5004E5987 /* Project object */;
}
